
Microsoft Visual Studio Solution File, Format Version 12.00
# Visual Studio Version 17
VisualStudioVersion = 17.8.34330.188
MinimumVisualStudioVersion = 10.0.40219.1
Project("{FAE04EC0-301F-11D3-BF4B-00C04F79EFBC}") = "FM.Performance.Com", "FM.Performance.Com\FM.Performance.Com.csproj", "{4CA33643-D575-4F2C-BB8D-CE5C6FF0D317}"
EndProject
Project("{FAE04EC0-301F-11D3-BF4B-00C04F79EFBC}") = "PerformanceChecker", "PerformanceChecker\PerformanceChecker.csproj", "{CC2E930C-E8BE-4386-A0FD-19B5DEE837A4}"
EndProject
Global
	GlobalSection(SolutionConfigurationPlatforms) = preSolution
		Debug|Any CPU = Debug|Any CPU
		Release|Any CPU = Release|Any CPU
	EndGlobalSection
	GlobalSection(ProjectConfigurationPlatforms) = postSolution
		{4CA33643-D575-4F2C-BB8D-CE5C6FF0D317}.Debug|Any CPU.ActiveCfg = Debug|Any CPU
		{4CA33643-D575-4F2C-BB8D-CE5C6FF0D317}.Debug|Any CPU.Build.0 = Debug|Any CPU
		{4CA33643-D575-4F2C-BB8D-CE5C6FF0D317}.Release|Any CPU.ActiveCfg = Release|Any CPU
		{4CA33643-D575-4F2C-BB8D-CE5C6FF0D317}.Release|Any CPU.Build.0 = Release|Any CPU
		{CC2E930C-E8BE-4386-A0FD-19B5DEE837A4}.Debug|Any CPU.ActiveCfg = Debug|Any CPU
		{CC2E930C-E8BE-4386-A0FD-19B5DEE837A4}.Debug|Any CPU.Build.0 = Debug|Any CPU
		{CC2E930C-E8BE-4386-A0FD-19B5DEE837A4}.Release|Any CPU.ActiveCfg = Release|Any CPU
		{CC2E930C-E8BE-4386-A0FD-19B5DEE837A4}.Release|Any CPU.Build.0 = Release|Any CPU
	EndGlobalSection
	GlobalSection(SolutionProperties) = preSolution
		HideSolutionNode = FALSE
	EndGlobalSection
	GlobalSection(ExtensibilityGlobals) = postSolution
		SolutionGuid = {A10FB909-1CE5-430F-9392-67EE869AB0DF}
	EndGlobalSection
EndGlobal
